// !$*UTF8*$!
{
	archiveVersion = 1;
	classes = {
	};
	objectVersion = 52;
	objects = {

/* Begin PBXBuildFile section */
		25D3517F267A48E0002E5DC0 /* GoogleService-Info.plist in Resources */ = {isa = PBXBuildFile; fileRef = 25D3517E267A48E0002E5DC0 /* GoogleService-Info.plist */; };
		595F23A525CEFBFE0053416C /* Settings.swift in Sources */ = {isa = PBXBuildFile; fileRef = 595F239A25CEFBFD0053416C /* Settings.swift */; };
		595F23A625CEFBFE0053416C /* Entitlements in Resources */ = {isa = PBXBuildFile; fileRef = 595F239B25CEFBFD0053416C /* Entitlements */; };
		595F23A725CEFBFE0053416C /* Assets.xcassets in Resources */ = {isa = PBXBuildFile; fileRef = 595F239C25CEFBFD0053416C /* Assets.xcassets */; };
		595F23A825CEFBFE0053416C /* SceneDelegate.swift in Sources */ = {isa = PBXBuildFile; fileRef = 595F239D25CEFBFD0053416C /* SceneDelegate.swift */; };
		595F23AA25CEFBFE0053416C /* PushNotifications.swift in Sources */ = {isa = PBXBuildFile; fileRef = 595F239F25CEFBFE0053416C /* PushNotifications.swift */; };
		595F23AC25CEFBFE0053416C /* ViewController.swift in Sources */ = {isa = PBXBuildFile; fileRef = 595F23A125CEFBFE0053416C /* ViewController.swift */; };
		595F23AD25CEFBFE0053416C /* AppDelegate.swift in Sources */ = {isa = PBXBuildFile; fileRef = 595F23A225CEFBFE0053416C /* AppDelegate.swift */; };
		595F23AE25CEFBFE0053416C /* Printer.swift in Sources */ = {isa = PBXBuildFile; fileRef = 595F23A325CEFBFE0053416C /* Printer.swift */; };
		595F23AF25CEFBFE0053416C /* WebView.swift in Sources */ = {isa = PBXBuildFile; fileRef = 595F23A425CEFBFE0053416C /* WebView.swift */; };
		CDC0FE292388222C002C8D56 /* Main.storyboard in Resources */ = {isa = PBXBuildFile; fileRef = CDC0FE252388222B002C8D56 /* Main.storyboard */; };
		CDC0FE2A2388222C002C8D56 /* LaunchScreen.storyboard in Resources */ = {isa = PBXBuildFile; fileRef = CDC0FE272388222B002C8D56 /* LaunchScreen.storyboard */; };
		E1E260C850014D6B34B487B0 /* Pods_pwa_shell.framework in Frameworks */ = {isa = PBXBuildFile; fileRef = BE9D7FFB2FBE6EEBCA807B6A /* Pods_pwa_shell.framework */; };
/* End PBXBuildFile section */

/* Begin PBXFileReference section */
		25D3517E267A48E0002E5DC0 /* GoogleService-Info.plist */ = {isa = PBXFileReference; fileEncoding = 4; lastKnownFileType = text.plist.xml; name = "GoogleService-Info.plist"; path = "pwa-shell/GoogleService-Info.plist"; sourceTree = "<group>"; };
		4C1C2162A8048FDF52B2A9D0 /* Pods-pwa-shell.release.xcconfig */ = {isa = PBXFileReference; includeInIndex = 1; lastKnownFileType = text.xcconfig; name = "Pods-pwa-shell.release.xcconfig"; path = "Target Support Files/Pods-pwa-shell/Pods-pwa-shell.release.xcconfig"; sourceTree = "<group>"; };
		59333BAA25CFF706003392A4 /* PWAShell.app */ = {isa = PBXFileReference; explicitFileType = wrapper.application; includeInIndex = 0; path = "PWAShell.app"; sourceTree = BUILT_PRODUCTS_DIR; };
		595F239A25CEFBFD0053416C /* Settings.swift */ = {isa = PBXFileReference; fileEncoding = 4; lastKnownFileType = sourcecode.swift; name = Settings.swift; path = "pwa-shell/Settings.swift"; sourceTree = "<group>"; };
		595F239B25CEFBFD0053416C /* Entitlements */ = {isa = PBXFileReference; lastKnownFileType = folder; name = Entitlements; path = "pwa-shell/Entitlements"; sourceTree = "<group>"; };
		595F239C25CEFBFD0053416C /* Assets.xcassets */ = {isa = PBXFileReference; lastKnownFileType = folder.assetcatalog; name = Assets.xcassets; path = "pwa-shell/Assets.xcassets"; sourceTree = "<group>"; };
		595F239D25CEFBFD0053416C /* SceneDelegate.swift */ = {isa = PBXFileReference; fileEncoding = 4; lastKnownFileType = sourcecode.swift; name = SceneDelegate.swift; path = "pwa-shell/SceneDelegate.swift"; sourceTree = "<group>"; };
		595F239F25CEFBFE0053416C /* PushNotifications.swift */ = {isa = PBXFileReference; fileEncoding = 4; lastKnownFileType = sourcecode.swift; name = PushNotifications.swift; path = "pwa-shell/PushNotifications.swift"; sourceTree = "<group>"; };
		595F23A025CEFBFE0053416C /* Info.plist */ = {isa = PBXFileReference; fileEncoding = 4; lastKnownFileType = text.plist.xml; name = Info.plist; path = "pwa-shell/Info.plist"; sourceTree = "<group>"; };
		595F23A125CEFBFE0053416C /* ViewController.swift */ = {isa = PBXFileReference; fileEncoding = 4; lastKnownFileType = sourcecode.swift; name = ViewController.swift; path = "pwa-shell/ViewController.swift"; sourceTree = "<group>"; };
		595F23A225CEFBFE0053416C /* AppDelegate.swift */ = {isa = PBXFileReference; fileEncoding = 4; lastKnownFileType = sourcecode.swift; name = AppDelegate.swift; path = "pwa-shell/AppDelegate.swift"; sourceTree = "<group>"; };
		595F23A325CEFBFE0053416C /* Printer.swift */ = {isa = PBXFileReference; fileEncoding = 4; lastKnownFileType = sourcecode.swift; name = Printer.swift; path = "pwa-shell/Printer.swift"; sourceTree = "<group>"; };
		595F23A425CEFBFE0053416C /* WebView.swift */ = {isa = PBXFileReference; fileEncoding = 4; lastKnownFileType = sourcecode.swift; name = WebView.swift; path = "pwa-shell/WebView.swift"; sourceTree = "<group>"; };
		BE9D7FFB2FBE6EEBCA807B6A /* Pods_pwa_shell.framework */ = {isa = PBXFileReference; explicitFileType = wrapper.framework; includeInIndex = 0; path = "Pods_pwa_shell.framework"; sourceTree = BUILT_PRODUCTS_DIR; };
		BEE8E5C625AE96C07F8AADED /* Pods-pwa-shell.debug.xcconfig */ = {isa = PBXFileReference; includeInIndex = 1; lastKnownFileType = text.xcconfig; name = "Pods-pwa-shell.debug.xcconfig"; path = "Target Support Files/Pods-pwa-shell/Pods-pwa-shell.debug.xcconfig"; sourceTree = "<group>"; };
		CDC0FE262388222B002C8D56 /* Base */ = {isa = PBXFileReference; lastKnownFileType = file.storyboard; name = Base; path = "pwa-shell/Base.lproj/Main.storyboard"; sourceTree = "<group>"; };
		CDC0FE282388222B002C8D56 /* Base */ = {isa = PBXFileReference; lastKnownFileType = file.storyboard; name = Base; path = "pwa-shell/Base.lproj/LaunchScreen.storyboard"; sourceTree = "<group>"; };
/* End PBXFileReference section */

/* Begin PBXFrameworksBuildPhase section */
		CD89F886237E9D9200C436A1 /* Frameworks */ = {
			isa = PBXFrameworksBuildPhase;
			buildActionMask = 2147483647;
			files = (
				E1E260C850014D6B34B487B0 /* Pods_pwa_shell.framework in Frameworks */,
			);
			runOnlyForDeploymentPostprocessing = 0;
		};
/* End PBXFrameworksBuildPhase section */

/* Begin PBXGroup section */
		30FCACC6A7BF53CD6D9CF6C0 /* Pods */ = {
			isa = PBXGroup;
			children = (
				BEE8E5C625AE96C07F8AADED /* Pods-pwa-shell.debug.xcconfig */,
				4C1C2162A8048FDF52B2A9D0 /* Pods-pwa-shell.release.xcconfig */,
			);
			path = Pods;
			sourceTree = "<group>";
		};
		90E46E861CB86F5FAF46BED9 /* Frameworks */ = {
			isa = PBXGroup;
			children = (
				BE9D7FFB2FBE6EEBCA807B6A /* Pods_pwa_shell.framework */,
			);
			name = Frameworks;
			sourceTree = "<group>";
		};
		CD89F880237E9D9200C436A1 = {
			isa = PBXGroup;
			children = (
				595F23A225CEFBFE0053416C /* AppDelegate.swift */,
				595F239C25CEFBFD0053416C /* Assets.xcassets */,
				595F239B25CEFBFD0053416C /* Entitlements */,
				595F23A025CEFBFE0053416C /* Info.plist */,
				25D3517E267A48E0002E5DC0 /* GoogleService-Info.plist */,
				595F23A325CEFBFE0053416C /* Printer.swift */,
				595F239F25CEFBFE0053416C /* PushNotifications.swift */,
				595F239D25CEFBFD0053416C /* SceneDelegate.swift */,
				595F239A25CEFBFD0053416C /* Settings.swift */,
				595F23A125CEFBFE0053416C /* ViewController.swift */,
				CDC0FE272388222B002C8D56 /* LaunchScreen.storyboard */,
				CDC0FE252388222B002C8D56 /* Main.storyboard */,
				595F23A425CEFBFE0053416C /* WebView.swift */,
				30FCACC6A7BF53CD6D9CF6C0 /* Pods */,
				90E46E861CB86F5FAF46BED9 /* Frameworks */,
				59333BAA25CFF706003392A4 /* PWAShell.app */,
			);
			sourceTree = "<group>";
		};
/* End PBXGroup section */

/* Begin PBXNativeTarget section */
		CD89F888237E9D9200C436A1 /* pwa-shell */ = {
			isa = PBXNativeTarget;
			buildConfigurationList = CD89F89D237E9D9300C436A1 /* Build configuration list for PBXNativeTarget "pwa-shell" */;
			buildPhases = (
				E07DC62CDB59F65280F7057D /* [CP] Check Pods Manifest.lock */,
				CD89F885237E9D9200C436A1 /* Sources */,
				CD89F886237E9D9200C436A1 /* Frameworks */,
				CD89F887237E9D9200C436A1 /* Resources */,
				592CB04773CB45D6CE5DF117 /* [CP] Embed Pods Frameworks */,
			);
			buildRules = (
			);
			dependencies = (
			);
			name = "pwa-shell";
			productName = "pwa-shell";
			productReference = 59333BAA25CFF706003392A4 /* PWAShell.app */;
			productType = "com.apple.product-type.application";
		};
/* End PBXNativeTarget section */

/* Begin PBXProject section */
		CD89F881237E9D9200C436A1 /* Project object */ = {
			isa = PBXProject;
			attributes = {
				LastSwiftUpdateCheck = 1120;
				LastUpgradeCheck = 1240;
				ORGANIZATIONNAME = "";
				TargetAttributes = {
					CD89F888237E9D9200C436A1 = {
						CreatedOnToolsVersion = 11.2.1;
						LastSwiftMigration = 1120;
					};
				};
			};
			buildConfigurationList = CD89F884237E9D9200C436A1 /* Build configuration list for PBXProject "pwa-shell" */;
			compatibilityVersion = "Xcode 11.0";
			developmentRegion = en;
			hasScannedForEncodings = 0;
			knownRegions = (
				en,
				Base,
			);
			mainGroup = CD89F880237E9D9200C436A1;
			productRefGroup = CD89F880237E9D9200C436A1;
			projectDirPath = "";
			projectRoot = "";
			targets = (
				CD89F888237E9D9200C436A1 /* pwa-shell */,
			);
		};
/* End PBXProject section */

/* Begin PBXResourcesBuildPhase section */
		CD89F887237E9D9200C436A1 /* Resources */ = {
			isa = PBXResourcesBuildPhase;
			buildActionMask = 2147483647;
			files = (
				595F23A625CEFBFE0053416C /* Entitlements in Resources */,
				CDC0FE292388222C002C8D56 /* Main.storyboard in Resources */,
				CDC0FE2A2388222C002C8D56 /* LaunchScreen.storyboard in Resources */,
				595F23A725CEFBFE0053416C /* Assets.xcassets in Resources */,
				25D3517F267A48E0002E5DC0 /* GoogleService-Info.plist in Resources */,
			);
			runOnlyForDeploymentPostprocessing = 0;
		};
/* End PBXResourcesBuildPhase section */

/* Begin PBXShellScriptBuildPhase section */
		592CB04773CB45D6CE5DF117 /* [CP] Embed Pods Frameworks */ = {
			isa = PBXShellScriptBuildPhase;
			buildActionMask = 2147483647;
			files = (
			);
			inputFileListPaths = (
				"${PODS_ROOT}/Target Support Files/Pods-pwa-shell/Pods-pwa-shell-frameworks-${CONFIGURATION}-input-files.xcfilelist",
			);
			name = "[CP] Embed Pods Frameworks";
			outputFileListPaths = (
				"${PODS_ROOT}/Target Support Files/Pods-pwa-shell/Pods-pwa-shell-frameworks-${CONFIGURATION}-output-files.xcfilelist",
			);
			runOnlyForDeploymentPostprocessing = 0;
			shellPath = /bin/sh;
			shellScript = "\"${PODS_ROOT}/Target Support Files/Pods-pwa-shell/Pods-pwa-shell-frameworks.sh\"\n";
			showEnvVarsInLog = 0;
		};
		E07DC62CDB59F65280F7057D /* [CP] Check Pods Manifest.lock */ = {
			isa = PBXShellScriptBuildPhase;
			buildActionMask = 2147483647;
			files = (
			);
			inputFileListPaths = (
			);
			inputPaths = (
				"${PODS_PODFILE_DIR_PATH}/Podfile.lock",
				"${PODS_ROOT}/Manifest.lock",
			);
			name = "[CP] Check Pods Manifest.lock";
			outputFileListPaths = (
			);
			outputPaths = (
				"$(DERIVED_FILE_DIR)/Pods-pwa-shell-checkManifestLockResult.txt",
			);
			runOnlyForDeploymentPostprocessing = 0;
			shellPath = /bin/sh;
			shellScript = "diff \"${PODS_PODFILE_DIR_PATH}/Podfile.lock\" \"${PODS_ROOT}/Manifest.lock\" > /dev/null\nif [ $? != 0 ] ; then\n    # print error to STDERR\n    echo \"error: The sandbox is not in sync with the Podfile.lock. Run 'pod install' or update your CocoaPods installation.\" >&2\n    exit 1\nfi\n# This output is used by Xcode 'outputs' to avoid re-running this script phase.\necho \"SUCCESS\" > \"${SCRIPT_OUTPUT_FILE_0}\"\n";
			showEnvVarsInLog = 0;
		};
/* End PBXShellScriptBuildPhase section */

/* Begin PBXSourcesBuildPhase section */
		CD89F885237E9D9200C436A1 /* Sources */ = {
			isa = PBXSourcesBuildPhase;
			buildActionMask = 2147483647;
			files = (
				595F23AD25CEFBFE0053416C /* AppDelegate.swift in Sources */,
				595F23A825CEFBFE0053416C /* SceneDelegate.swift in Sources */,
				595F23A525CEFBFE0053416C /* Settings.swift in Sources */,
				595F23AE25CEFBFE0053416C /* Printer.swift in Sources */,
				595F23AC25CEFBFE0053416C /* ViewController.swift in Sources */,
				595F23AA25CEFBFE0053416C /* PushNotifications.swift in Sources */,
				595F23AF25CEFBFE0053416C /* WebView.swift in Sources */,
			);
			runOnlyForDeploymentPostprocessing = 0;
		};
/* End PBXSourcesBuildPhase section */

/* Begin PBXVariantGroup section */
		CDC0FE252388222B002C8D56 /* Main.storyboard */ = {
			isa = PBXVariantGroup;
			children = (
				CDC0FE262388222B002C8D56 /* Base */,
			);
			name = Main.storyboard;
			sourceTree = "<group>";
		};
		CDC0FE272388222B002C8D56 /* LaunchScreen.storyboard */ = {
			isa = PBXVariantGroup;
			children = (
				CDC0FE282388222B002C8D56 /* Base */,
			);
			name = LaunchScreen.storyboard;
			sourceTree = "<group>";
		};
/* End PBXVariantGroup section */

/* Begin XCBuildConfiguration section */
		CD89F89B237E9D9300C436A1 /* Debug */ = {
			isa = XCBuildConfiguration;
			buildSettings = {
				ALWAYS_SEARCH_USER_PATHS = NO;
				CLANG_ANALYZER_NONNULL = YES;
				CLANG_ANALYZER_NUMBER_OBJECT_CONVERSION = YES_AGGRESSIVE;
				CLANG_CXX_LANGUAGE_STANDARD = "gnu++14";
				CLANG_CXX_LIBRARY = "libc++";
				CLANG_ENABLE_MODULES = YES;
				CLANG_ENABLE_OBJC_ARC = YES;
				CLANG_ENABLE_OBJC_WEAK = YES;
				CLANG_WARN_BLOCK_CAPTURE_AUTORELEASING = YES;
				CLANG_WARN_BOOL_CONVERSION = YES;
				CLANG_WARN_COMMA = YES;
				CLANG_WARN_CONSTANT_CONVERSION = YES;
				CLANG_WARN_DEPRECATED_OBJC_IMPLEMENTATIONS = YES;
				CLANG_WARN_DIRECT_OBJC_ISA_USAGE = YES_ERROR;
				CLANG_WARN_DOCUMENTATION_COMMENTS = YES;
				CLANG_WARN_EMPTY_BODY = YES;
				CLANG_WARN_ENUM_CONVERSION = YES;
				CLANG_WARN_INFINITE_RECURSION = YES;
				CLANG_WARN_INT_CONVERSION = YES;
				CLANG_WARN_NON_LITERAL_NULL_CONVERSION = YES;
				CLANG_WARN_OBJC_IMPLICIT_RETAIN_SELF = YES;
				CLANG_WARN_OBJC_LITERAL_CONVERSION = YES;
				CLANG_WARN_OBJC_ROOT_CLASS = YES_ERROR;
				CLANG_WARN_QUOTED_INCLUDE_IN_FRAMEWORK_HEADER = YES;
				CLANG_WARN_RANGE_LOOP_ANALYSIS = YES;
				CLANG_WARN_STRICT_PROTOTYPES = YES;
				CLANG_WARN_SUSPICIOUS_MOVE = YES;
				CLANG_WARN_UNGUARDED_AVAILABILITY = YES_AGGRESSIVE;
				CLANG_WARN_UNREACHABLE_CODE = YES;
				CLANG_WARN__DUPLICATE_METHOD_MATCH = YES;
				COPY_PHASE_STRIP = NO;
				DEBUG_INFORMATION_FORMAT = dwarf;
				ENABLE_STRICT_OBJC_MSGSEND = YES;
				ENABLE_TESTABILITY = YES;
				GCC_C_LANGUAGE_STANDARD = gnu11;
				GCC_DYNAMIC_NO_PIC = NO;
				GCC_NO_COMMON_BLOCKS = YES;
				GCC_OPTIMIZATION_LEVEL = 0;
				GCC_PREPROCESSOR_DEFINITIONS = (
					"DEBUG=1",
					"$(inherited)",
				);
				GCC_WARN_64_TO_32_BIT_CONVERSION = YES;
				GCC_WARN_ABOUT_RETURN_TYPE = YES_ERROR;
				GCC_WARN_UNDECLARED_SELECTOR = YES;
				GCC_WARN_UNINITIALIZED_AUTOS = YES_AGGRESSIVE;
				GCC_WARN_UNUSED_FUNCTION = YES;
				GCC_WARN_UNUSED_VARIABLE = YES;
				IPHONEOS_DEPLOYMENT_TARGET = 15.0;
				MTL_ENABLE_DEBUG_INFO = INCLUDE_SOURCE;
				MTL_FAST_MATH = YES;
				ONLY_ACTIVE_ARCH = YES;
				SDKROOT = iphoneos;
				SWIFT_ACTIVE_COMPILATION_CONDITIONS = DEBUG;
				SWIFT_OPTIMIZATION_LEVEL = "-Onone";
				TARGETED_DEVICE_FAMILY = "1,2,6";
				VALID_ARCHS = "$(ARCHS_STANDARD)";
			};
			name = Debug;
		};
		CD89F89C237E9D9300C436A1 /* Release */ = {
			isa = XCBuildConfiguration;
			buildSettings = {
				ALWAYS_SEARCH_USER_PATHS = NO;
				CLANG_ANALYZER_NONNULL = YES;
				CLANG_ANALYZER_NUMBER_OBJECT_CONVERSION = YES_AGGRESSIVE;
				CLANG_CXX_LANGUAGE_STANDARD = "gnu++14";
				CLANG_CXX_LIBRARY = "libc++";
				CLANG_ENABLE_MODULES = YES;
				CLANG_ENABLE_OBJC_ARC = YES;
				CLANG_ENABLE_OBJC_WEAK = YES;
				CLANG_WARN_BLOCK_CAPTURE_AUTORELEASING = YES;
				CLANG_WARN_BOOL_CONVERSION = YES;
				CLANG_WARN_COMMA = YES;
				CLANG_WARN_CONSTANT_CONVERSION = YES;
				CLANG_WARN_DEPRECATED_OBJC_IMPLEMENTATIONS = YES;
				CLANG_WARN_DIRECT_OBJC_ISA_USAGE = YES_ERROR;
				CLANG_WARN_DOCUMENTATION_COMMENTS = YES;
				CLANG_WARN_EMPTY_BODY = YES;
				CLANG_WARN_ENUM_CONVERSION = YES;
				CLANG_WARN_INFINITE_RECURSION = YES;
				CLANG_WARN_INT_CONVERSION = YES;
				CLANG_WARN_NON_LITERAL_NULL_CONVERSION = YES;
				CLANG_WARN_OBJC_IMPLICIT_RETAIN_SELF = YES;
				CLANG_WARN_OBJC_LITERAL_CONVERSION = YES;
				CLANG_WARN_OBJC_ROOT_CLASS = YES_ERROR;
				CLANG_WARN_QUOTED_INCLUDE_IN_FRAMEWORK_HEADER = YES;
				CLANG_WARN_RANGE_LOOP_ANALYSIS = YES;
				CLANG_WARN_STRICT_PROTOTYPES = YES;
				CLANG_WARN_SUSPICIOUS_MOVE = YES;
				CLANG_WARN_UNGUARDED_AVAILABILITY = YES_AGGRESSIVE;
				CLANG_WARN_UNREACHABLE_CODE = YES;
				CLANG_WARN__DUPLICATE_METHOD_MATCH = YES;
				COPY_PHASE_STRIP = NO;
				DEBUG_INFORMATION_FORMAT = "dwarf-with-dsym";
				ENABLE_NS_ASSERTIONS = NO;
				ENABLE_STRICT_OBJC_MSGSEND = YES;
				GCC_C_LANGUAGE_STANDARD = gnu11;
				GCC_NO_COMMON_BLOCKS = YES;
				GCC_WARN_64_TO_32_BIT_CONVERSION = YES;
				GCC_WARN_ABOUT_RETURN_TYPE = YES_ERROR;
				GCC_WARN_UNDECLARED_SELECTOR = YES;
				GCC_WARN_UNINITIALIZED_AUTOS = YES_AGGRESSIVE;
				GCC_WARN_UNUSED_FUNCTION = YES;
				GCC_WARN_UNUSED_VARIABLE = YES;
				IPHONEOS_DEPLOYMENT_TARGET = 15.0;
				MTL_ENABLE_DEBUG_INFO = NO;
				MTL_FAST_MATH = YES;
				SDKROOT = iphoneos;
				SWIFT_COMPILATION_MODE = wholemodule;
				SWIFT_OPTIMIZATION_LEVEL = "-O";
				TARGETED_DEVICE_FAMILY = "1,2,6";
				VALIDATE_PRODUCT = YES;
				VALID_ARCHS = "$(ARCHS_STANDARD)";
			};
			name = Release;
		};
		CD89F89E237E9D9300C436A1 /* Debug */ = {
			isa = XCBuildConfiguration;
			baseConfigurationReference = BEE8E5C625AE96C07F8AADED /* Pods-pwa-shell.debug.xcconfig */;
			buildSettings = {
				ASSETCATALOG_COMPILER_APPICON_NAME = AppIcon;
				CLANG_ENABLE_MODULES = NO;
				CODE_SIGN_ENTITLEMENTS = "pwa-shell/Entitlements/Entitlements.plist";
				CODE_SIGN_IDENTITY = "Apple Development";
				CODE_SIGN_STYLE = Automatic;
				CURRENT_PROJECT_VERSION = 1;
				DEVELOPMENT_TEAM = "";
				INFOPLIST_FILE = "pwa-shell/Info.plist";
				IPHONEOS_DEPLOYMENT_TARGET = 15.0;
				LD_RUNPATH_SEARCH_PATHS = (
					"$(inherited)",
					"@executable_path/Frameworks",
				);
				MARKETING_VERSION = 1;
				CURRENT_PROJECT_VERSION = 1;
				PRODUCT_BUNDLE_IDENTIFIER = "{{PWABuilder.iOS.bundleId}}";
				PRODUCT_NAME = "PWAShell";
				PROVISIONING_PROFILE_SPECIFIER = "";
				SUPPORTS_MACCATALYST = YES;
				SWIFT_OPTIMIZATION_LEVEL = "-Onone";
				SWIFT_VERSION = 5.0;
				TARGETED_DEVICE_FAMILY = "1,2,6";
			};
			name = Debug;
		};
		CD89F89F237E9D9300C436A1 /* Release */ = {
			isa = XCBuildConfiguration;
			baseConfigurationReference = 4C1C2162A8048FDF52B2A9D0 /* Pods-pwa-shell.release.xcconfig */;
			buildSettings = {
				ASSETCATALOG_COMPILER_APPICON_NAME = AppIcon;
				CLANG_ENABLE_MODULES = NO;
				CODE_SIGN_ENTITLEMENTS = "pwa-shell/Entitlements/Entitlements.plist";
				CODE_SIGN_STYLE = Automatic;
				CURRENT_PROJECT_VERSION = 1;
				DEVELOPMENT_TEAM = "";
				INFOPLIST_FILE = "pwa-shell/Info.plist";
				IPHONEOS_DEPLOYMENT_TARGET = 15.0;
				LD_RUNPATH_SEARCH_PATHS = (
					"$(inherited)",
					"@executable_path/Frameworks",
				);
				MARKETING_VERSION = 1;
				CURRENT_PROJECT_VERSION = 1;
				PRODUCT_BUNDLE_IDENTIFIER = "{{PWABuilder.iOS.bundleId}}";
				PRODUCT_NAME = "PWAShell";
				SUPPORTS_MACCATALYST = YES;
				SWIFT_OPTIMIZATION_LEVEL = "-Osize";
				SWIFT_VERSION = 5.0;
				TARGETED_DEVICE_FAMILY = "1,2,6";
			};
			name = Release;
		};
/* End XCBuildConfiguration section */

/* Begin XCConfigurationList section */
		CD89F884237E9D9200C436A1 /* Build configuration list for PBXProject "pwa-shell" */ = {
			isa = XCConfigurationList;
			buildConfigurations = (
				CD89F89B237E9D9300C436A1 /* Debug */,
				CD89F89C237E9D9300C436A1 /* Release */,
			);
			defaultConfigurationIsVisible = 0;
			defaultConfigurationName = Release;
		};
		CD89F89D237E9D9300C436A1 /* Build configuration list for PBXNativeTarget "pwa-shell" */ = {
			isa = XCConfigurationList;
			buildConfigurations = (
				CD89F89E237E9D9300C436A1 /* Debug */,
				CD89F89F237E9D9300C436A1 /* Release */,
			);
			defaultConfigurationIsVisible = 0;
			defaultConfigurationName = Release;
		};
/* End XCConfigurationList section */
	};
	rootObject = CD89F881237E9D9200C436A1 /* Project object */;
}
